{
  "version": 4,
  "terraform_version": "1.13.5",
  "serial": 121,
  "lineage": "ce6b2d8d-937f-499c-9191-ed4edf779013",
  "outputs": {
    "acr_login_server": {
      "value": "terraformacr1.azurecr.io",
      "type": "string"
    },
    "backend_url": {
      "value": "terraform-backend-app.azurewebsites.net",
      "type": "string"
    },
    "frontend_url": {
      "value": "terraform-frontend-app.azurewebsites.net",
      "type": "string"
    },
    "mysql_fqdn": {
      "value": "terraform-mysql-server.mysql.database.azure.com",
      "type": "string"
    },
    "resource_group_name": {
      "value": "terraform-rg1",
      "type": "string"
    }
  },
  "resources": [
    {
      "mode": "managed",
      "type": "azurerm_container_registry",
      "name": "acr",
      "provider": "provider[\"registry.terraform.io/hashicorp/azurerm\"]",
      "instances": [
        {
          "schema_version": 2,
          "attributes": {
            "admin_enabled": false,
            "admin_password": "",
            "admin_username": "",
            "anonymous_pull_enabled": false,
            "data_endpoint_enabled": false,
            "data_endpoint_host_names": [],
            "encryption": [],
            "export_policy_enabled": true,
            "georeplications": [],
            "id": "/subscriptions/e2acb89c-49b4-4c60-9a57-20af6e5ec3da/resourceGroups/terraform-rg1/providers/Microsoft.ContainerRegistry/registries/terraformacr1",
            "identity": [],
            "location": "southindia",
            "login_server": "terraformacr1.azurecr.io",
            "name": "terraformacr1",
            "network_rule_bypass_option": "AzureServices",
            "network_rule_set": [],
            "public_network_access_enabled": true,
            "quarantine_policy_enabled": false,
            "resource_group_name": "terraform-rg1",
            "retention_policy_in_days": 0,
            "sku": "Basic",
            "tags": null,
            "timeouts": null,
            "trust_policy_enabled": false,
            "zone_redundancy_enabled": false
          },
          "sensitive_attributes": [
            [
              {
                "type": "get_attr",
                "value": "admin_password"
              }
            ]
          ],
          "identity_schema_version": 0,
          "private": "eyJlMmJmYjczMC1lY2FhLTExZTYtOGY4OC0zNDM2M2JjN2M0YzAiOnsiY3JlYXRlIjoxODAwMDAwMDAwMDAwLCJkZWxldGUiOjE4MDAwMDAwMDAwMDAsInJlYWQiOjMwMDAwMDAwMDAwMCwidXBkYXRlIjoxODAwMDAwMDAwMDAwfSwic2NoZW1hX3ZlcnNpb24iOiIyIn0=",
          "dependencies": [
            "azurerm_resource_group.rg"
          ]
        }
      ]
    },
    {
      "mode": "managed",
      "type": "azurerm_linux_web_app",
      "name": "frontend",
      "provider": "provider[\"registry.terraform.io/hashicorp/azurerm\"]",
      "instances": [
        {
          "schema_version": 1,
          "attributes": {
            "app_settings": {
              "ENVIRONMENT": "Production"
            },
            "auth_settings": [
              {
                "active_directory": [],
                "additional_login_parameters": {},
                "allowed_external_redirect_urls": [],
                "default_provider": "",
                "enabled": false,
                "facebook": [],
                "github": [],
                "google": [],
                "issuer": "",
                "microsoft": [],
                "runtime_version": "",
                "token_refresh_extension_hours": 0,
                "token_store_enabled": false,
                "twitter": [],
                "unauthenticated_client_action": ""
              }
            ],
            "auth_settings_v2": [],
            "backup": [],
            "client_affinity_enabled": false,
            "client_certificate_enabled": false,
            "client_certificate_exclusion_paths": "",
            "client_certificate_mode": "Required",
            "connection_string": [],
            "custom_domain_verification_id": "E4CE6240F8110DACA4CD2AA2209CCD7DE4B07408D6E0EF0E1F11BAAA17D39FB4",
            "default_hostname": "terraform-frontend-app.azurewebsites.net",
            "enabled": true,
            "ftp_publish_basic_authentication_enabled": true,
            "hosting_environment_id": "",
            "https_only": false,
            "id": "/subscriptions/e2acb89c-49b4-4c60-9a57-20af6e5ec3da/resourceGroups/terraform-rg1/providers/Microsoft.Web/sites/terraform-frontend-app",
            "identity": [
              {
                "identity_ids": null,
                "principal_id": "a415ccf0-a83e-48c4-be04-6ff855c3d230",
                "tenant_id": "ab38cc85-7809-4284-abda-882b94d3c44e",
                "type": "SystemAssigned"
              }
            ],
            "key_vault_reference_identity_id": "SystemAssigned",
            "kind": "app,linux",
            "location": "southindia",
            "logs": [],
            "name": "terraform-frontend-app",
            "outbound_ip_address_list": [
              "52.172.15.93",
              "52.172.24.222",
              "52.172.3.245",
              "52.172.6.77",
              "52.172.28.12",
              "52.172.28.82",
              "20.219.117.158",
              "20.219.117.182",
              "20.219.117.247",
              "20.219.118.58",
              "20.219.118.2",
              "20.219.100.217",
              "40.78.194.97"
            ],
            "outbound_ip_addresses": "52.172.15.93,52.172.24.222,52.172.3.245,52.172.6.77,52.172.28.12,52.172.28.82,20.219.117.158,20.219.117.182,20.219.117.247,20.219.118.58,20.219.118.2,20.219.100.217,40.78.194.97",
            "possible_outbound_ip_address_list": [
              "52.172.15.93",
              "52.172.24.222",
              "52.172.3.245",
              "52.172.6.77",
              "52.172.28.12",
              "52.172.28.82",
              "20.219.117.158",
              "20.219.117.182",
              "20.219.117.247",
              "20.219.118.58",
              "20.219.118.2",
              "20.219.100.217",
              "20.219.118.35",
              "20.219.98.205",
              "20.219.99.78",
              "20.219.99.42",
              "20.219.118.132",
              "20.219.118.138",
              "20.219.119.10",
              "20.219.119.59",
              "20.219.119.159",
              "20.219.117.13",
              "20.219.119.101",
              "20.219.119.193",
              "20.219.119.223",
              "20.235.0.41",
              "20.219.115.250",
              "20.235.0.252",
              "20.235.1.15",
              "20.235.0.84",
              "40.78.194.97"
            ],
            "possible_outbound_ip_addresses": "52.172.15.93,52.172.24.222,52.172.3.245,52.172.6.77,52.172.28.12,52.172.28.82,20.219.117.158,20.219.117.182,20.219.117.247,20.219.118.58,20.219.118.2,20.219.100.217,20.219.118.35,20.219.98.205,20.219.99.78,20.219.99.42,20.219.118.132,20.219.118.138,20.219.119.10,20.219.119.59,20.219.119.159,20.219.117.13,20.219.119.101,20.219.119.193,20.219.119.223,20.235.0.41,20.219.115.250,20.235.0.252,20.235.1.15,20.235.0.84,40.78.194.97",
            "public_network_access_enabled": true,
            "resource_group_name": "terraform-rg1",
            "service_plan_id": "/subscriptions/e2acb89c-49b4-4c60-9a57-20af6e5ec3da/resourceGroups/terraform-rg1/providers/Microsoft.Web/serverFarms/terraform-appservice-plan",
            "site_config": [
              {
                "always_on": false,
                "api_definition_url": "",
                "api_management_api_id": "",
                "app_command_line": "/bin/sh -c 'nginx -g \"daemon off;\"'",
                "application_stack": [
                  {
                    "docker_image_name": "",
                    "docker_registry_password": "",
                    "docker_registry_url": "",
                    "docker_registry_username": "",
                    "dotnet_version": "",
                    "go_version": "",
                    "java_server": "",
                    "java_server_version": "",
                    "java_version": "",
                    "node_version": "",
                    "php_version": "",
                    "python_version": "",
                    "ruby_version": ""
                  }
                ],
                "auto_heal_setting": [],
                "container_registry_managed_identity_client_id": "",
                "container_registry_use_managed_identity": false,
                "cors": [],
                "default_documents": [
                  "Default.htm",
                  "Default.html",
                  "Default.asp",
                  "index.htm",
                  "index.html",
                  "iisstart.htm",
                  "default.aspx",
                  "index.php",
                  "hostingstart.html"
                ],
                "detailed_error_logging_enabled": false,
                "ftps_state": "Disabled",
                "health_check_eviction_time_in_min": 0,
                "health_check_path": "",
                "http2_enabled": false,
                "ip_restriction": [],
                "ip_restriction_default_action": "Allow",
                "linux_fx_version": "",
                "load_balancing_mode": "LeastRequests",
                "local_mysql_enabled": false,
                "managed_pipeline_mode": "Integrated",
                "minimum_tls_version": "1.2",
                "remote_debugging_enabled": false,
                "remote_debugging_version": "VS2022",
                "scm_ip_restriction": [],
                "scm_ip_restriction_default_action": "Allow",
                "scm_minimum_tls_version": "1.2",
                "scm_type": "None",
                "scm_use_main_ip_restriction": false,
                "use_32_bit_worker": true,
                "vnet_route_all_enabled": false,
                "websockets_enabled": false,
                "worker_count": 1
              }
            ],
            "site_credential": [
              {
                "name": "$terraform-frontend-app",
                "password": "7h3QQbKRdonaJndpveM2dkCAvXrrjsEcvclxBqN5JSnHm4K5EfLRJ5W2oBkT"
              }
            ],
            "sticky_settings": [],
            "storage_account": [],
            "tags": {
              "environment": "TerraformWebApp",
              "project": "RestaurantApp"
            },
            "timeouts": null,
            "virtual_network_backup_restore_enabled": false,
            "virtual_network_subnet_id": "",
            "vnet_image_pull_enabled": false,
            "webdeploy_publish_basic_authentication_enabled": true,
            "zip_deploy_file": ""
          },
          "sensitive_attributes": [
            [
              {
                "type": "get_attr",
                "value": "custom_domain_verification_id"
              }
            ],
            [
              {
                "type": "get_attr",
                "value": "site_config"
              },
              {
                "type": "index",
                "value": {
                  "value": 0,
                  "type": "number"
                }
              },
              {
                "type": "get_attr",
                "value": "application_stack"
              },
              {
                "type": "index",
                "value": {
                  "value": 0,
                  "type": "number"
                }
              },
              {
                "type": "get_attr",
                "value": "docker_registry_password"
              }
            ],
            [
              {
                "type": "get_attr",
                "value": "site_credential"
              }
            ]
          ],
          "identity_schema_version": 0,
          "private": "eyJlMmJmYjczMC1lY2FhLTExZTYtOGY4OC0zNDM2M2JjN2M0YzAiOnsiY3JlYXRlIjoxODAwMDAwMDAwMDAwLCJkZWxldGUiOjE4MDAwMDAwMDAwMDAsInJlYWQiOjMwMDAwMDAwMDAwMCwidXBkYXRlIjoxODAwMDAwMDAwMDAwfSwic2NoZW1hX3ZlcnNpb24iOiIxIn0=",
          "dependencies": [
            "azurerm_resource_group.rg",
            "azurerm_service_plan.asp"
          ]
        }
      ]
    },
    {
      "mode": "managed",
      "type": "azurerm_resource_group",
      "name": "rg",
      "provider": "provider[\"registry.terraform.io/hashicorp/azurerm\"]",
      "instances": [
        {
          "schema_version": 0,
          "attributes": {
            "id": "/subscriptions/e2acb89c-49b4-4c60-9a57-20af6e5ec3da/resourceGroups/terraform-rg1",
            "location": "eastus",
            "managed_by": "",
            "name": "terraform-rg1",
            "tags": {},
            "timeouts": null
          },
          "sensitive_attributes": [],
          "identity_schema_version": 0,
          "identity": {
            "name": "terraform-rg1",
            "subscription_id": "e2acb89c-49b4-4c60-9a57-20af6e5ec3da"
          },
          "private": "eyJlMmJmYjczMC1lY2FhLTExZTYtOGY4OC0zNDM2M2JjN2M0YzAiOnsiY3JlYXRlIjo1NDAwMDAwMDAwMDAwLCJkZWxldGUiOjU0MDAwMDAwMDAwMDAsInJlYWQiOjMwMDAwMDAwMDAwMCwidXBkYXRlIjo1NDAwMDAwMDAwMDAwfX0="
        }
      ]
    },
    {
      "mode": "managed",
      "type": "azurerm_role_assignment",
      "name": "frontend_acr_pull",
      "provider": "provider[\"registry.terraform.io/hashicorp/azurerm\"]",
      "instances": [
        {
          "schema_version": 0,
          "attributes": {
            "condition": "",
            "condition_version": "",
            "delegated_managed_identity_resource_id": "",
            "description": "",
            "id": "/subscriptions/e2acb89c-49b4-4c60-9a57-20af6e5ec3da/resourceGroups/terraform-rg1/providers/Microsoft.ContainerRegistry/registries/terraformacr1/providers/Microsoft.Authorization/roleAssignments/8344f6e6-9e37-6795-bf64-08ea88b7df37",
            "name": "8344f6e6-9e37-6795-bf64-08ea88b7df37",
            "principal_id": "a415ccf0-a83e-48c4-be04-6ff855c3d230",
            "principal_type": "ServicePrincipal",
            "role_definition_id": "/subscriptions/e2acb89c-49b4-4c60-9a57-20af6e5ec3da/providers/Microsoft.Authorization/roleDefinitions/7f951dda-4ed3-4680-a7ca-43fe172d538d",
            "role_definition_name": "AcrPull",
            "scope": "/subscriptions/e2acb89c-49b4-4c60-9a57-20af6e5ec3da/resourceGroups/terraform-rg1/providers/Microsoft.ContainerRegistry/registries/terraformacr1",
            "skip_service_principal_aad_check": null,
            "timeouts": null
          },
          "sensitive_attributes": [],
          "identity_schema_version": 0,
          "private": "eyJlMmJmYjczMC1lY2FhLTExZTYtOGY4OC0zNDM2M2JjN2M0YzAiOnsiY3JlYXRlIjoxODAwMDAwMDAwMDAwLCJkZWxldGUiOjE4MDAwMDAwMDAwMDAsInJlYWQiOjMwMDAwMDAwMDAwMH19",
          "dependencies": [
            "azurerm_container_registry.acr",
            "azurerm_linux_web_app.frontend",
            "azurerm_resource_group.rg",
            "azurerm_service_plan.asp"
          ]
        }
      ]
    },
    {
      "mode": "managed",
      "type": "azurerm_service_plan",
      "name": "asp",
      "provider": "provider[\"registry.terraform.io/hashicorp/azurerm\"]",
      "instances": [
        {
          "schema_version": 1,
          "attributes": {
            "app_service_environment_id": "",
            "id": "/subscriptions/e2acb89c-49b4-4c60-9a57-20af6e5ec3da/resourceGroups/terraform-rg1/providers/Microsoft.Web/serverFarms/terraform-appservice-plan",
            "kind": "linux",
            "location": "southindia",
            "maximum_elastic_worker_count": 1,
            "name": "terraform-appservice-plan",
            "os_type": "Linux",
            "per_site_scaling_enabled": false,
            "premium_plan_auto_scale_enabled": false,
            "reserved": true,
            "resource_group_name": "terraform-rg1",
            "sku_name": "B1",
            "tags": null,
            "timeouts": null,
            "worker_count": 1,
            "zone_balancing_enabled": false
          },
          "sensitive_attributes": [],
          "identity_schema_version": 0,
          "private": "eyJlMmJmYjczMC1lY2FhLTExZTYtOGY4OC0zNDM2M2JjN2M0YzAiOnsiY3JlYXRlIjozNjAwMDAwMDAwMDAwLCJkZWxldGUiOjM2MDAwMDAwMDAwMDAsInJlYWQiOjMwMDAwMDAwMDAwMCwidXBkYXRlIjozNjAwMDAwMDAwMDAwfSwic2NoZW1hX3ZlcnNpb24iOiIxIn0=",
          "dependencies": [
            "azurerm_resource_group.rg"
          ]
        }
      ]
    }
  ],
  "check_results": null
}
